
Microsoft Visual Studio Solution File, Format Version 12.00
# Visual Studio Version 17
VisualStudioVersion = 17.8.34316.72
MinimumVisualStudioVersion = 10.0.40219.1
Project("{9A19103F-16F7-4668-BE54-9A1E7A4F7556}") = "Store.Domain", "Store.Domain.csproj", "{552DD1DD-DF5D-474C-9764-A5B608B40334}"
EndProject
Global
	GlobalSection(SolutionConfigurationPlatforms) = preSolution
		Debug|Any CPU = Debug|Any CPU
		Release|Any CPU = Release|Any CPU
	EndGlobalSection
	GlobalSection(ProjectConfigurationPlatforms) = postSolution
		{552DD1DD-DF5D-474C-9764-A5B608B40334}.Debug|Any CPU.ActiveCfg = Debug|Any CPU
		{552DD1DD-DF5D-474C-9764-A5B608B40334}.Debug|Any CPU.Build.0 = Debug|Any CPU
		{552DD1DD-DF5D-474C-9764-A5B608B40334}.Release|Any CPU.ActiveCfg = Release|Any CPU
		{552DD1DD-DF5D-474C-9764-A5B608B40334}.Release|Any CPU.Build.0 = Release|Any CPU
	EndGlobalSection
	GlobalSection(SolutionProperties) = preSolution
		HideSolutionNode = FALSE
	EndGlobalSection
	GlobalSection(ExtensibilityGlobals) = postSolution
		SolutionGuid = {BE0BD5E6-4FD5-4566-9220-53EA0B0FF4C1}
	EndGlobalSection
EndGlobal
